{
  "object": {
    "pins": [
      {
        "package": "Base",
        "repositoryURL": "https://github.com/rosberry/Base-iOS",
        "state": {
          "branch": "master",
          "revision": "35940e87830dbdd20748c731db8fc0caa873b92b",
          "version": null
        }
      },
      {
        "package": "Deboogger",
        "repositoryURL": "https://github.com/rosberry/Deboogger",
        "state": {
          "branch": "swift-package",
          "revision": "7b1c45923f424c65765d98529fd484e1c4fdd58c",
          "version": null
        }
      },
      {
        "package": "Framezilla",
        "repositoryURL": "https://github.com/rosberry/Framezilla",
        "state": {
          "branch": "master",
          "revision": "1a757e608731f8d51accc1e9864edc1c41d9e75e",
          "version": null
        }
      },
      {
        "package": "TouchVisualizer",
        "repositoryURL": "https://github.com/rosberry/TouchVisualizer",
        "state": {
          "branch": "master",
          "revision": "034ab0c4c7396ab98ee8586ceef043ed3ae275cc",
          "version": null
        }
      }
    ]
  },
  "version": 1
}
